[root]
name = "chain_spec"
version = "0.1.0"
dependencies = [
 "serde 0.8.17 (registry+https://github.com/rust-lang/crates.io-index)",
 "serde_derive 0.8.17 (registry+https://github.com/rust-lang/crates.io-index)",
 "serde_json 0.8.3 (registry+https://github.com/rust-lang/crates.io-index)",
]

[[package]]
name = "dtoa"
version = "0.2.2"
source = "registry+https://github.com/rust-lang/crates.io-index"

[[package]]
name = "itoa"
version = "0.1.1"
source = "registry+https://github.com/rust-lang/crates.io-index"

[[package]]
name = "num-traits"
version = "0.1.36"
source = "registry+https://github.com/rust-lang/crates.io-index"

[[package]]
name = "post-expansion"
version = "0.1.0"
source = "registry+https://github.com/rust-lang/crates.io-index"
dependencies = [
 "quote 0.3.5 (registry+https://github.com/rust-lang/crates.io-index)",
 "syn 0.9.2 (registry+https://github.com/rust-lang/crates.io-index)",
]

[[package]]
name = "quote"
version = "0.3.5"
source = "registry+https://github.com/rust-lang/crates.io-index"

[[package]]
name = "serde"
version = "0.8.17"
source = "registry+https://github.com/rust-lang/crates.io-index"

[[package]]
name = "serde_codegen"
version = "0.8.17"
source = "registry+https://github.com/rust-lang/crates.io-index"
dependencies = [
 "post-expansion 0.1.0 (registry+https://github.com/rust-lang/crates.io-index)",
 "quote 0.3.5 (registry+https://github.com/rust-lang/crates.io-index)",
 "serde_codegen_internals 0.10.0 (registry+https://github.com/rust-lang/crates.io-index)",
 "syn 0.9.2 (registry+https://github.com/rust-lang/crates.io-index)",
]

[[package]]
name = "serde_codegen_internals"
version = "0.10.0"
source = "registry+https://github.com/rust-lang/crates.io-index"
dependencies = [
 "syn 0.9.2 (registry+https://github.com/rust-lang/crates.io-index)",
]

[[package]]
name = "serde_derive"
version = "0.8.17"
source = "registry+https://github.com/rust-lang/crates.io-index"
dependencies = [
 "post-expansion 0.1.0 (registry+https://github.com/rust-lang/crates.io-index)",
 "serde_codegen 0.8.17 (registry+https://github.com/rust-lang/crates.io-index)",
]

[[package]]
name = "serde_json"
version = "0.8.3"
source = "registry+https://github.com/rust-lang/crates.io-index"
dependencies = [
 "dtoa 0.2.2 (registry+https://github.com/rust-lang/crates.io-index)",
 "itoa 0.1.1 (registry+https://github.com/rust-lang/crates.io-index)",
 "num-traits 0.1.36 (registry+https://github.com/rust-lang/crates.io-index)",
 "serde 0.8.17 (registry+https://github.com/rust-lang/crates.io-index)",
]

[[package]]
name = "syn"
version = "0.9.2"
source = "registry+https://github.com/rust-lang/crates.io-index"
dependencies = [
 "quote 0.3.5 (registry+https://github.com/rust-lang/crates.io-index)",
 "unicode-xid 0.0.3 (registry+https://github.com/rust-lang/crates.io-index)",
]

[[package]]
name = "unicode-xid"
version = "0.0.3"
source = "registry+https://github.com/rust-lang/crates.io-index"

[metadata]
"checksum dtoa 0.2.2 (registry+https://github.com/rust-lang/crates.io-index)" = "0dd841b58510c9618291ffa448da2e4e0f699d984d436122372f446dae62263d"
"checksum itoa 0.1.1 (registry+https://github.com/rust-lang/crates.io-index)" = "ae3088ea4baeceb0284ee9eea42f591226e6beaecf65373e41b38d95a1b8e7a1"
"checksum num-traits 0.1.36 (registry+https://github.com/rust-lang/crates.io-index)" = "a16a42856a256b39c6d3484f097f6713e14feacd9bfb02290917904fae46c81c"
"checksum post-expansion 0.1.0 (registry+https://github.com/rust-lang/crates.io-index)" = "31a834a6060acaef74a8d878f6ca37a2b86fefe042bbfe70689ba587e42526f9"
"checksum quote 0.3.5 (registry+https://github.com/rust-lang/crates.io-index)" = "ea1e0c9bc6bfb0a60d539aab6e338207c1a5456e62f5bd5375132cee119aa4b3"
"checksum serde 0.8.17 (registry+https://github.com/rust-lang/crates.io-index)" = "784e249221c84265caeb1e2fe48aeada86f67f5acb151bd3903c4585969e43f6"
"checksum serde_codegen 0.8.17 (registry+https://github.com/rust-lang/crates.io-index)" = "c3b932a3bb4d729e39aa04cc5e2f2ac70ba239a5a151d2dc9a1956fd6a2f7c15"
"checksum serde_codegen_internals 0.10.0 (registry+https://github.com/rust-lang/crates.io-index)" = "318f7e77aa5187391d74aaf4553d2189f56b0ce25e963414c951b97877ffdcec"
"checksum serde_derive 0.8.17 (registry+https://github.com/rust-lang/crates.io-index)" = "c6a73f0e5fc193668afa2a714bf8397063af46e6c8df72686e53fbac15b2e38c"
"checksum serde_json 0.8.3 (registry+https://github.com/rust-lang/crates.io-index)" = "1cb6b19e74d9f65b9d03343730b643d729a446b29376785cd65efdff4675e2fc"
"checksum syn 0.9.2 (registry+https://github.com/rust-lang/crates.io-index)" = "76c2db66dc579998854d84ff0ff4a81cb73e69596764d144ce7cece4d04ce6b5"
"checksum unicode-xid 0.0.3 (registry+https://github.com/rust-lang/crates.io-index)" = "36dff09cafb4ec7c8cf0023eb0b686cb6ce65499116a12201c9e11840ca01beb"
